// !$*UTF8*$!
{
	archiveVersion = 1;
	classes = {
	};
	objectVersion = 46;
	objects = {

/* Begin PBXBuildFile section */
		006D1DBB184FD3DD0052A238 /* Cocoa.framework in Frameworks */ = {isa = PBXBuildFile; fileRef = D0F9EC1B17E5119300224B34 /* Cocoa.framework */; };
		D00D5F1D17E55DFA00639814 /* MultitouchListener.m in Sources */ = {isa = PBXBuildFile; fileRef = D00D5F1C17E55DFA00639814 /* MultitouchListener.m */; };
		D0F9EC2817E5119300224B34 /* main.m in Sources */ = {isa = PBXBuildFile; fileRef = D0F9EC2717E5119300224B34 /* main.m */; };
		D0F9EC2F17E5119400224B34 /* AppDelegate.m in Sources */ = {isa = PBXBuildFile; fileRef = D0F9EC2E17E5119400224B34 /* AppDelegate.m */; };
		D0F9EC3217E5119400224B34 /* MainMenu.xib in Resources */ = {isa = PBXBuildFile; fileRef = D0F9EC3017E5119400224B34 /* MainMenu.xib */; };
		D0F9EC3917E5134600224B34 /* MultitouchSupport.framework in Frameworks */ = {isa = PBXBuildFile; fileRef = D0F9EC3817E5134600224B34 /* MultitouchSupport.framework */; };
		D0F9EC4217E51DEF00224B34 /* MultitouchTouch.m in Sources */ = {isa = PBXBuildFile; fileRef = D0F9EC4117E51DEF00224B34 /* MultitouchTouch.m */; };
		D0F9EC4517E5268000224B34 /* MultitouchManager.m in Sources */ = {isa = PBXBuildFile; fileRef = D0F9EC4417E5268000224B34 /* MultitouchManager.m */; };
		D0F9EC4817E5393100224B34 /* MultitouchEvent.m in Sources */ = {isa = PBXBuildFile; fileRef = D0F9EC4717E5393100224B34 /* MultitouchEvent.m */; };
/* End PBXBuildFile section */

/* Begin PBXFileReference section */
		D00D5F1B17E55DF900639814 /* MultitouchListener.h */ = {isa = PBXFileReference; fileEncoding = 4; lastKnownFileType = sourcecode.c.h; path = MultitouchListener.h; sourceTree = "<group>"; };
		D00D5F1C17E55DFA00639814 /* MultitouchListener.m */ = {isa = PBXFileReference; fileEncoding = 4; lastKnownFileType = sourcecode.c.objc; path = MultitouchListener.m; sourceTree = "<group>"; };
		D0F9EC1817E5119300224B34 /* Cocoa Mac Multitouch Support Wrapper.app */ = {isa = PBXFileReference; explicitFileType = wrapper.application; includeInIndex = 0; path = "Cocoa Mac Multitouch Support Wrapper.app"; sourceTree = BUILT_PRODUCTS_DIR; };
		D0F9EC1B17E5119300224B34 /* Cocoa.framework */ = {isa = PBXFileReference; lastKnownFileType = wrapper.framework; name = Cocoa.framework; path = System/Library/Frameworks/Cocoa.framework; sourceTree = SDKROOT; };
		D0F9EC1E17E5119300224B34 /* AppKit.framework */ = {isa = PBXFileReference; lastKnownFileType = wrapper.framework; name = AppKit.framework; path = System/Library/Frameworks/AppKit.framework; sourceTree = SDKROOT; };
		D0F9EC1F17E5119300224B34 /* CoreData.framework */ = {isa = PBXFileReference; lastKnownFileType = wrapper.framework; name = CoreData.framework; path = System/Library/Frameworks/CoreData.framework; sourceTree = SDKROOT; };
		D0F9EC2017E5119300224B34 /* Foundation.framework */ = {isa = PBXFileReference; lastKnownFileType = wrapper.framework; name = Foundation.framework; path = System/Library/Frameworks/Foundation.framework; sourceTree = SDKROOT; };
		D0F9EC2317E5119300224B34 /* Cocoa Mac Multitouch Support Wrapper-Info.plist */ = {isa = PBXFileReference; lastKnownFileType = text.plist.xml; path = "Cocoa Mac Multitouch Support Wrapper-Info.plist"; sourceTree = "<group>"; };
		D0F9EC2717E5119300224B34 /* main.m */ = {isa = PBXFileReference; lastKnownFileType = sourcecode.c.objc; path = main.m; sourceTree = "<group>"; };
		D0F9EC2917E5119300224B34 /* Cocoa Mac Multitouch Support Wrapper-Prefix.pch */ = {isa = PBXFileReference; lastKnownFileType = sourcecode.c.h; path = "Cocoa Mac Multitouch Support Wrapper-Prefix.pch"; sourceTree = "<group>"; };
		D0F9EC2D17E5119400224B34 /* AppDelegate.h */ = {isa = PBXFileReference; lastKnownFileType = sourcecode.c.h; path = AppDelegate.h; sourceTree = "<group>"; };
		D0F9EC2E17E5119400224B34 /* AppDelegate.m */ = {isa = PBXFileReference; lastKnownFileType = sourcecode.c.objc; path = AppDelegate.m; sourceTree = "<group>"; };
		D0F9EC3117E5119400224B34 /* en */ = {isa = PBXFileReference; lastKnownFileType = file.xib; name = en; path = en.lproj/MainMenu.xib; sourceTree = "<group>"; };
		D0F9EC3817E5134600224B34 /* MultitouchSupport.framework */ = {isa = PBXFileReference; lastKnownFileType = wrapper.framework; name = MultitouchSupport.framework; path = /System/Library/PrivateFrameworks/MultitouchSupport.framework; sourceTree = "<absolute>"; };
		D0F9EC3B17E51D4200224B34 /* MultitouchSupport.h */ = {isa = PBXFileReference; fileEncoding = 4; lastKnownFileType = sourcecode.c.h; path = MultitouchSupport.h; sourceTree = "<group>"; };
		D0F9EC4017E51DEF00224B34 /* MultitouchTouch.h */ = {isa = PBXFileReference; fileEncoding = 4; lastKnownFileType = sourcecode.c.h; path = MultitouchTouch.h; sourceTree = "<group>"; };
		D0F9EC4117E51DEF00224B34 /* MultitouchTouch.m */ = {isa = PBXFileReference; fileEncoding = 4; lastKnownFileType = sourcecode.c.objc; path = MultitouchTouch.m; sourceTree = "<group>"; };
		D0F9EC4317E5268000224B34 /* MultitouchManager.h */ = {isa = PBXFileReference; fileEncoding = 4; lastKnownFileType = sourcecode.c.h; path = MultitouchManager.h; sourceTree = "<group>"; };
		D0F9EC4417E5268000224B34 /* MultitouchManager.m */ = {isa = PBXFileReference; fileEncoding = 4; lastKnownFileType = sourcecode.c.objc; path = MultitouchManager.m; sourceTree = "<group>"; };
		D0F9EC4617E5393100224B34 /* MultitouchEvent.h */ = {isa = PBXFileReference; fileEncoding = 4; lastKnownFileType = sourcecode.c.h; path = MultitouchEvent.h; sourceTree = "<group>"; };
		D0F9EC4717E5393100224B34 /* MultitouchEvent.m */ = {isa = PBXFileReference; fileEncoding = 4; lastKnownFileType = sourcecode.c.objc; path = MultitouchEvent.m; sourceTree = "<group>"; };
/* End PBXFileReference section */

/* Begin PBXFrameworksBuildPhase section */
		D0F9EC1517E5119300224B34 /* Frameworks */ = {
			isa = PBXFrameworksBuildPhase;
			buildActionMask = 2147483647;
			files = (
				006D1DBB184FD3DD0052A238 /* Cocoa.framework in Frameworks */,
				D0F9EC3917E5134600224B34 /* MultitouchSupport.framework in Frameworks */,
			);
			runOnlyForDeploymentPostprocessing = 0;
		};
/* End PBXFrameworksBuildPhase section */

/* Begin PBXGroup section */
		D0F9EC0F17E5119300224B34 = {
			isa = PBXGroup;
			children = (
				D0F9EC2117E5119300224B34 /* Cocoa Mac Multitouch Support Wrapper */,
				D0F9EC1A17E5119300224B34 /* Frameworks */,
				D0F9EC1917E5119300224B34 /* Products */,
			);
			sourceTree = "<group>";
		};
		D0F9EC1917E5119300224B34 /* Products */ = {
			isa = PBXGroup;
			children = (
				D0F9EC1817E5119300224B34 /* Cocoa Mac Multitouch Support Wrapper.app */,
			);
			name = Products;
			sourceTree = "<group>";
		};
		D0F9EC1A17E5119300224B34 /* Frameworks */ = {
			isa = PBXGroup;
			children = (
				D0F9EC3817E5134600224B34 /* MultitouchSupport.framework */,
				D0F9EC1B17E5119300224B34 /* Cocoa.framework */,
				D0F9EC1D17E5119300224B34 /* Other Frameworks */,
			);
			name = Frameworks;
			sourceTree = "<group>";
		};
		D0F9EC1D17E5119300224B34 /* Other Frameworks */ = {
			isa = PBXGroup;
			children = (
				D0F9EC1E17E5119300224B34 /* AppKit.framework */,
				D0F9EC1F17E5119300224B34 /* CoreData.framework */,
				D0F9EC2017E5119300224B34 /* Foundation.framework */,
			);
			name = "Other Frameworks";
			sourceTree = "<group>";
		};
		D0F9EC2117E5119300224B34 /* Cocoa Mac Multitouch Support Wrapper */ = {
			isa = PBXGroup;
			children = (
				D0F9EC3C17E51D5900224B34 /* Multitouch Support Wrapper */,
				D0F9EC3A17E51D2400224B34 /* Example */,
				D0F9EC2217E5119300224B34 /* Supporting Files */,
			);
			path = "Cocoa Mac Multitouch Support Wrapper";
			sourceTree = "<group>";
		};
		D0F9EC2217E5119300224B34 /* Supporting Files */ = {
			isa = PBXGroup;
			children = (
				D0F9EC2317E5119300224B34 /* Cocoa Mac Multitouch Support Wrapper-Info.plist */,
				D0F9EC2717E5119300224B34 /* main.m */,
				D0F9EC2917E5119300224B34 /* Cocoa Mac Multitouch Support Wrapper-Prefix.pch */,
			);
			name = "Supporting Files";
			sourceTree = "<group>";
		};
		D0F9EC3A17E51D2400224B34 /* Example */ = {
			isa = PBXGroup;
			children = (
				D0F9EC2D17E5119400224B34 /* AppDelegate.h */,
				D0F9EC2E17E5119400224B34 /* AppDelegate.m */,
				D0F9EC3017E5119400224B34 /* MainMenu.xib */,
			);
			name = Example;
			sourceTree = "<group>";
		};
		D0F9EC3C17E51D5900224B34 /* Multitouch Support Wrapper */ = {
			isa = PBXGroup;
			children = (
				D0F9EC3B17E51D4200224B34 /* MultitouchSupport.h */,
				D0F9EC4017E51DEF00224B34 /* MultitouchTouch.h */,
				D0F9EC4117E51DEF00224B34 /* MultitouchTouch.m */,
				D0F9EC4617E5393100224B34 /* MultitouchEvent.h */,
				D0F9EC4717E5393100224B34 /* MultitouchEvent.m */,
				D00D5F1B17E55DF900639814 /* MultitouchListener.h */,
				D00D5F1C17E55DFA00639814 /* MultitouchListener.m */,
				D0F9EC4317E5268000224B34 /* MultitouchManager.h */,
				D0F9EC4417E5268000224B34 /* MultitouchManager.m */,
			);
			name = "Multitouch Support Wrapper";
			sourceTree = "<group>";
		};
/* End PBXGroup section */

/* Begin PBXNativeTarget section */
		D0F9EC1717E5119300224B34 /* Cocoa Mac Multitouch Support Wrapper */ = {
			isa = PBXNativeTarget;
			buildConfigurationList = D0F9EC3517E5119400224B34 /* Build configuration list for PBXNativeTarget "Cocoa Mac Multitouch Support Wrapper" */;
			buildPhases = (
				D0F9EC1417E5119300224B34 /* Sources */,
				D0F9EC1517E5119300224B34 /* Frameworks */,
				D0F9EC1617E5119300224B34 /* Resources */,
			);
			buildRules = (
			);
			dependencies = (
			);
			name = "Cocoa Mac Multitouch Support Wrapper";
			productName = "Cocoa Mac Multitouch Support Wrapper";
			productReference = D0F9EC1817E5119300224B34 /* Cocoa Mac Multitouch Support Wrapper.app */;
			productType = "com.apple.product-type.application";
		};
/* End PBXNativeTarget section */

/* Begin PBXProject section */
		D0F9EC1017E5119300224B34 /* Project object */ = {
			isa = PBXProject;
			attributes = {
				LastUpgradeCheck = 0500;
				ORGANIZATIONNAME = "Mathew Huusko V";
			};
			buildConfigurationList = D0F9EC1317E5119300224B34 /* Build configuration list for PBXProject "Cocoa Mac Multitouch Support Wrapper" */;
			compatibilityVersion = "Xcode 3.2";
			developmentRegion = English;
			hasScannedForEncodings = 0;
			knownRegions = (
				en,
			);
			mainGroup = D0F9EC0F17E5119300224B34;
			productRefGroup = D0F9EC1917E5119300224B34 /* Products */;
			projectDirPath = "";
			projectRoot = "";
			targets = (
				D0F9EC1717E5119300224B34 /* Cocoa Mac Multitouch Support Wrapper */,
			);
		};
/* End PBXProject section */

/* Begin PBXResourcesBuildPhase section */
		D0F9EC1617E5119300224B34 /* Resources */ = {
			isa = PBXResourcesBuildPhase;
			buildActionMask = 2147483647;
			files = (
				D0F9EC3217E5119400224B34 /* MainMenu.xib in Resources */,
			);
			runOnlyForDeploymentPostprocessing = 0;
		};
/* End PBXResourcesBuildPhase section */

/* Begin PBXSourcesBuildPhase section */
		D0F9EC1417E5119300224B34 /* Sources */ = {
			isa = PBXSourcesBuildPhase;
			buildActionMask = 2147483647;
			files = (
				D0F9EC2817E5119300224B34 /* main.m in Sources */,
				D0F9EC2F17E5119400224B34 /* AppDelegate.m in Sources */,
				D0F9EC4217E51DEF00224B34 /* MultitouchTouch.m in Sources */,
				D0F9EC4517E5268000224B34 /* MultitouchManager.m in Sources */,
				D0F9EC4817E5393100224B34 /* MultitouchEvent.m in Sources */,
				D00D5F1D17E55DFA00639814 /* MultitouchListener.m in Sources */,
			);
			runOnlyForDeploymentPostprocessing = 0;
		};
/* End PBXSourcesBuildPhase section */

/* Begin PBXVariantGroup section */
		D0F9EC3017E5119400224B34 /* MainMenu.xib */ = {
			isa = PBXVariantGroup;
			children = (
				D0F9EC3117E5119400224B34 /* en */,
			);
			name = MainMenu.xib;
			sourceTree = "<group>";
		};
/* End PBXVariantGroup section */

/* Begin XCBuildConfiguration section */
		D0F9EC3317E5119400224B34 /* Debug */ = {
			isa = XCBuildConfiguration;
			buildSettings = {
				CLANG_ENABLE_OBJC_ARC = YES;
				MACOSX_DEPLOYMENT_TARGET = 10.7;
				SDKROOT = macosx10.8;
			};
			name = Debug;
		};
		D0F9EC3417E5119400224B34 /* Release */ = {
			isa = XCBuildConfiguration;
			buildSettings = {
				CLANG_ENABLE_OBJC_ARC = YES;
				MACOSX_DEPLOYMENT_TARGET = 10.7;
				SDKROOT = macosx10.8;
			};
			name = Release;
		};
		D0F9EC3617E5119400224B34 /* Debug */ = {
			isa = XCBuildConfiguration;
			buildSettings = {
				FRAMEWORK_SEARCH_PATHS = (
					"$(inherited)",
					"$(SYSTEM_LIBRARY_DIR)/PrivateFrameworks",
				);
				GCC_PRECOMPILE_PREFIX_HEADER = YES;
				GCC_PREFIX_HEADER = "Cocoa Mac Multitouch Support Wrapper/Cocoa Mac Multitouch Support Wrapper-Prefix.pch";
				INFOPLIST_FILE = "Cocoa Mac Multitouch Support Wrapper/Cocoa Mac Multitouch Support Wrapper-Info.plist";
				PRODUCT_NAME = "$(TARGET_NAME)";
				WRAPPER_EXTENSION = app;
			};
			name = Debug;
		};
		D0F9EC3717E5119400224B34 /* Release */ = {
			isa = XCBuildConfiguration;
			buildSettings = {
				FRAMEWORK_SEARCH_PATHS = (
					"$(inherited)",
					"$(SYSTEM_LIBRARY_DIR)/PrivateFrameworks",
				);
				GCC_PRECOMPILE_PREFIX_HEADER = YES;
				GCC_PREFIX_HEADER = "Cocoa Mac Multitouch Support Wrapper/Cocoa Mac Multitouch Support Wrapper-Prefix.pch";
				INFOPLIST_FILE = "Cocoa Mac Multitouch Support Wrapper/Cocoa Mac Multitouch Support Wrapper-Info.plist";
				PRODUCT_NAME = "$(TARGET_NAME)";
				WRAPPER_EXTENSION = app;
			};
			name = Release;
		};
/* End XCBuildConfiguration section */

/* Begin XCConfigurationList section */
		D0F9EC1317E5119300224B34 /* Build configuration list for PBXProject "Cocoa Mac Multitouch Support Wrapper" */ = {
			isa = XCConfigurationList;
			buildConfigurations = (
				D0F9EC3317E5119400224B34 /* Debug */,
				D0F9EC3417E5119400224B34 /* Release */,
			);
			defaultConfigurationIsVisible = 0;
			defaultConfigurationName = Release;
		};
		D0F9EC3517E5119400224B34 /* Build configuration list for PBXNativeTarget "Cocoa Mac Multitouch Support Wrapper" */ = {
			isa = XCConfigurationList;
			buildConfigurations = (
				D0F9EC3617E5119400224B34 /* Debug */,
				D0F9EC3717E5119400224B34 /* Release */,
			);
			defaultConfigurationIsVisible = 0;
			defaultConfigurationName = Release;
		};
/* End XCConfigurationList section */
	};
	rootObject = D0F9EC1017E5119300224B34 /* Project object */;
}
